
Microsoft Visual Studio Solution File, Format Version 12.00
# Visual Studio Version 16
VisualStudioVersion = 25.0.1706.14
MinimumVisualStudioVersion = 10.0.40219.1
Project("{FAE04EC0-301F-11D3-BF4B-00C04F79EFBC}") = "TaskApp.Android", "TaskApp\TaskApp.Android\TaskApp.Android.csproj", "{B62B0279-5BB0-45BF-A24F-B9D7A070DFC4}"
EndProject
Project("{FAE04EC0-301F-11D3-BF4B-00C04F79EFBC}") = "TaskApp.iOS", "TaskApp\TaskApp.iOS\TaskApp.iOS.csproj", "{663EAE32-F313-4C9E-91FE-0CF1A95D1DB8}"
EndProject
Project("{FAE04EC0-301F-11D3-BF4B-00C04F79EFBC}") = "TaskApp", "TaskApp\TaskApp\TaskApp.csproj", "{D7F352C5-BFDC-43BE-A6DF-03CE427DA6CA}"
EndProject
Global
	GlobalSection(SolutionConfigurationPlatforms) = preSolution
		Debug|Any CPU = Debug|Any CPU
		Release|Any CPU = Release|Any CPU
		Debug|iPhoneSimulator = Debug|iPhoneSimulator
		Release|iPhoneSimulator = Release|iPhoneSimulator
		Debug|iPhone = Debug|iPhone
		Release|iPhone = Release|iPhone
	EndGlobalSection
	GlobalSection(ProjectConfigurationPlatforms) = postSolution
		{B62B0279-5BB0-45BF-A24F-B9D7A070DFC4}.Debug|Any CPU.ActiveCfg = Debug|Any CPU
		{B62B0279-5BB0-45BF-A24F-B9D7A070DFC4}.Debug|Any CPU.Build.0 = Debug|Any CPU
		{B62B0279-5BB0-45BF-A24F-B9D7A070DFC4}.Release|Any CPU.ActiveCfg = Release|Any CPU
		{B62B0279-5BB0-45BF-A24F-B9D7A070DFC4}.Release|Any CPU.Build.0 = Release|Any CPU
		{B62B0279-5BB0-45BF-A24F-B9D7A070DFC4}.Debug|iPhoneSimulator.ActiveCfg = Debug|Any CPU
		{B62B0279-5BB0-45BF-A24F-B9D7A070DFC4}.Debug|iPhoneSimulator.Build.0 = Debug|Any CPU
		{B62B0279-5BB0-45BF-A24F-B9D7A070DFC4}.Release|iPhoneSimulator.ActiveCfg = Release|Any CPU
		{B62B0279-5BB0-45BF-A24F-B9D7A070DFC4}.Release|iPhoneSimulator.Build.0 = Release|Any CPU
		{B62B0279-5BB0-45BF-A24F-B9D7A070DFC4}.Debug|iPhone.ActiveCfg = Debug|Any CPU
		{B62B0279-5BB0-45BF-A24F-B9D7A070DFC4}.Debug|iPhone.Build.0 = Debug|Any CPU
		{B62B0279-5BB0-45BF-A24F-B9D7A070DFC4}.Release|iPhone.ActiveCfg = Release|Any CPU
		{B62B0279-5BB0-45BF-A24F-B9D7A070DFC4}.Release|iPhone.Build.0 = Release|Any CPU
		{663EAE32-F313-4C9E-91FE-0CF1A95D1DB8}.Debug|Any CPU.ActiveCfg = Debug|iPhoneSimulator
		{663EAE32-F313-4C9E-91FE-0CF1A95D1DB8}.Debug|Any CPU.Build.0 = Debug|iPhoneSimulator
		{663EAE32-F313-4C9E-91FE-0CF1A95D1DB8}.Release|Any CPU.ActiveCfg = Release|iPhoneSimulator
		{663EAE32-F313-4C9E-91FE-0CF1A95D1DB8}.Release|Any CPU.Build.0 = Release|iPhoneSimulator
		{663EAE32-F313-4C9E-91FE-0CF1A95D1DB8}.Debug|iPhoneSimulator.ActiveCfg = Debug|iPhoneSimulator
		{663EAE32-F313-4C9E-91FE-0CF1A95D1DB8}.Debug|iPhoneSimulator.Build.0 = Debug|iPhoneSimulator
		{663EAE32-F313-4C9E-91FE-0CF1A95D1DB8}.Release|iPhoneSimulator.ActiveCfg = Release|iPhoneSimulator
		{663EAE32-F313-4C9E-91FE-0CF1A95D1DB8}.Release|iPhoneSimulator.Build.0 = Release|iPhoneSimulator
		{663EAE32-F313-4C9E-91FE-0CF1A95D1DB8}.Debug|iPhone.ActiveCfg = Debug|iPhone
		{663EAE32-F313-4C9E-91FE-0CF1A95D1DB8}.Debug|iPhone.Build.0 = Debug|iPhone
		{663EAE32-F313-4C9E-91FE-0CF1A95D1DB8}.Release|iPhone.ActiveCfg = Release|iPhone
		{663EAE32-F313-4C9E-91FE-0CF1A95D1DB8}.Release|iPhone.Build.0 = Release|iPhone
		{D7F352C5-BFDC-43BE-A6DF-03CE427DA6CA}.Debug|Any CPU.ActiveCfg = Debug|Any CPU
		{D7F352C5-BFDC-43BE-A6DF-03CE427DA6CA}.Debug|Any CPU.Build.0 = Debug|Any CPU
		{D7F352C5-BFDC-43BE-A6DF-03CE427DA6CA}.Release|Any CPU.ActiveCfg = Release|Any CPU
		{D7F352C5-BFDC-43BE-A6DF-03CE427DA6CA}.Release|Any CPU.Build.0 = Release|Any CPU
		{D7F352C5-BFDC-43BE-A6DF-03CE427DA6CA}.Debug|iPhoneSimulator.ActiveCfg = Debug|Any CPU
		{D7F352C5-BFDC-43BE-A6DF-03CE427DA6CA}.Debug|iPhoneSimulator.Build.0 = Debug|Any CPU
		{D7F352C5-BFDC-43BE-A6DF-03CE427DA6CA}.Release|iPhoneSimulator.ActiveCfg = Release|Any CPU
		{D7F352C5-BFDC-43BE-A6DF-03CE427DA6CA}.Release|iPhoneSimulator.Build.0 = Release|Any CPU
		{D7F352C5-BFDC-43BE-A6DF-03CE427DA6CA}.Debug|iPhone.ActiveCfg = Debug|Any CPU
		{D7F352C5-BFDC-43BE-A6DF-03CE427DA6CA}.Debug|iPhone.Build.0 = Debug|Any CPU
		{D7F352C5-BFDC-43BE-A6DF-03CE427DA6CA}.Release|iPhone.ActiveCfg = Release|Any CPU
		{D7F352C5-BFDC-43BE-A6DF-03CE427DA6CA}.Release|iPhone.Build.0 = Release|Any CPU
	EndGlobalSection
	GlobalSection(SolutionProperties) = preSolution
		HideSolutionNode = FALSE
	EndGlobalSection
	GlobalSection(ExtensibilityGlobals) = postSolution
		SolutionGuid = {3A97EB69-9919-44B5-86AA-0E7E6FBBD87B}
	EndGlobalSection
EndGlobal
